// !$*UTF8*$!
{
	archiveVersion = 1;
	classes = {
	};
	objectVersion = 77;
	objects = {

/* Begin PBXBuildFile section */
		8EE833FE2E17F3EA00975B0B /* FirebaseAI in Frameworks */ = {isa = PBXBuildFile; productRef = 8EE833FD2E17F3EA00975B0B /* FirebaseAI */; };
		8EE8340A2E17F3EA00975B0B /* FirebaseAppCheck in Frameworks */ = {isa = PBXBuildFile; productRef = 8EE834092E17F3EA00975B0B /* FirebaseAppCheck */; };
		8EE8340E2E17F3EA00975B0B /* FirebaseAuth in Frameworks */ = {isa = PBXBuildFile; productRef = 8EE8340D2E17F3EA00975B0B /* FirebaseAuth */; };
		8EE834102E17F3EA00975B0B /* FirebaseAuthCombine-Community in Frameworks */ = {isa = PBXBuildFile; productRef = 8EE8340F2E17F3EA00975B0B /* FirebaseAuthCombine-Community */; };
		8EE834122E17F3EA00975B0B /* FirebaseCore in Frameworks */ = {isa = PBXBuildFile; productRef = 8EE834112E17F3EA00975B0B /* FirebaseCore */; };
		8EE834142E17F3EA00975B0B /* FirebaseCrashlytics in Frameworks */ = {isa = PBXBuildFile; productRef = 8EE834132E17F3EA00975B0B /* FirebaseCrashlytics */; };
		8EE834162E17F3EA00975B0B /* FirebaseDatabase in Frameworks */ = {isa = PBXBuildFile; productRef = 8EE834152E17F3EA00975B0B /* FirebaseDatabase */; };
		8EE834182E17F3EA00975B0B /* FirebaseDynamicLinks in Frameworks */ = {isa = PBXBuildFile; productRef = 8EE834172E17F3EA00975B0B /* FirebaseDynamicLinks */; };
		8EE8341A2E17F3EA00975B0B /* FirebaseFirestore in Frameworks */ = {isa = PBXBuildFile; productRef = 8EE834192E17F3EA00975B0B /* FirebaseFirestore */; };
		8EE8341C2E17F3EA00975B0B /* FirebaseFirestoreCombine-Community in Frameworks */ = {isa = PBXBuildFile; productRef = 8EE8341B2E17F3EA00975B0B /* FirebaseFirestoreCombine-Community */; };
		8EE834202E17F3EA00975B0B /* FirebaseFunctionsCombine-Community in Frameworks */ = {isa = PBXBuildFile; productRef = 8EE8341F2E17F3EA00975B0B /* FirebaseFunctionsCombine-Community */; };
		8EE834282E17F3EA00975B0B /* FirebaseMessaging in Frameworks */ = {isa = PBXBuildFile; productRef = 8EE834272E17F3EA00975B0B /* FirebaseMessaging */; };
		8EE8342A2E17F3EA00975B0B /* FirebasePerformance in Frameworks */ = {isa = PBXBuildFile; productRef = 8EE834292E17F3EA00975B0B /* FirebasePerformance */; };
		8EE8342E2E17F3EA00975B0B /* FirebaseStorage in Frameworks */ = {isa = PBXBuildFile; productRef = 8EE8342D2E17F3EA00975B0B /* FirebaseStorage */; };
		8EE834302E17F3EA00975B0B /* FirebaseStorageCombine-Community in Frameworks */ = {isa = PBXBuildFile; productRef = 8EE8342F2E17F3EA00975B0B /* FirebaseStorageCombine-Community */; };
/* End PBXBuildFile section */

/* Begin PBXFileReference section */
		8E621FA82E1322B0004F90BA /* USIApp.app */ = {isa = PBXFileReference; explicitFileType = wrapper.application; includeInIndex = 0; path = USIApp.app; sourceTree = BUILT_PRODUCTS_DIR; };
/* End PBXFileReference section */

/* Begin PBXFileSystemSynchronizedBuildFileExceptionSet section */
		8E8D77642ED7235300798807 /* Exceptions for "USIApp" folder in "USIApp" target */ = {
			isa = PBXFileSystemSynchronizedBuildFileExceptionSet;
			membershipExceptions = (
				Info.plist,
			);
			target = 8E621FA72E1322B0004F90BA /* USIApp */;
		};
/* End PBXFileSystemSynchronizedBuildFileExceptionSet section */

/* Begin PBXFileSystemSynchronizedRootGroup section */
		8E621FAA2E1322B0004F90BA /* USIApp */ = {
			isa = PBXFileSystemSynchronizedRootGroup;
			exceptions = (
				8E8D77642ED7235300798807 /* Exceptions for "USIApp" folder in "USIApp" target */,
			);
			path = USIApp;
			sourceTree = "<group>";
		};
/* End PBXFileSystemSynchronizedRootGroup section */

/* Begin PBXFrameworksBuildPhase section */
		8E621FA52E1322B0004F90BA /* Frameworks */ = {
			isa = PBXFrameworksBuildPhase;
			buildActionMask = 2147483647;
			files = (
				8EE834162E17F3EA00975B0B /* FirebaseDatabase in Frameworks */,
				8EE8342E2E17F3EA00975B0B /* FirebaseStorage in Frameworks */,
				8EE834122E17F3EA00975B0B /* FirebaseCore in Frameworks */,
				8EE834182E17F3EA00975B0B /* FirebaseDynamicLinks in Frameworks */,
				8EE8340E2E17F3EA00975B0B /* FirebaseAuth in Frameworks */,
				8EE8341A2E17F3EA00975B0B /* FirebaseFirestore in Frameworks */,
				8EE8341C2E17F3EA00975B0B /* FirebaseFirestoreCombine-Community in Frameworks */,
				8EE834202E17F3EA00975B0B /* FirebaseFunctionsCombine-Community in Frameworks */,
				8EE8340A2E17F3EA00975B0B /* FirebaseAppCheck in Frameworks */,
				8EE834302E17F3EA00975B0B /* FirebaseStorageCombine-Community in Frameworks */,
				8EE833FE2E17F3EA00975B0B /* FirebaseAI in Frameworks */,
				8EE8342A2E17F3EA00975B0B /* FirebasePerformance in Frameworks */,
				8EE834142E17F3EA00975B0B /* FirebaseCrashlytics in Frameworks */,
				8EE834102E17F3EA00975B0B /* FirebaseAuthCombine-Community in Frameworks */,
				8EE834282E17F3EA00975B0B /* FirebaseMessaging in Frameworks */,
			);
			runOnlyForDeploymentPostprocessing = 0;
		};
/* End PBXFrameworksBuildPhase section */

/* Begin PBXGroup section */
		8E621F9F2E1322B0004F90BA = {
			isa = PBXGroup;
			children = (
				8E621FAA2E1322B0004F90BA /* USIApp */,
				8E621FA92E1322B0004F90BA /* Products */,
			);
			sourceTree = "<group>";
		};
		8E621FA92E1322B0004F90BA /* Products */ = {
			isa = PBXGroup;
			children = (
				8E621FA82E1322B0004F90BA /* USIApp.app */,
			);
			name = Products;
			sourceTree = "<group>";
		};
/* End PBXGroup section */

/* Begin PBXNativeTarget section */
		8E621FA72E1322B0004F90BA /* USIApp */ = {
			isa = PBXNativeTarget;
			buildConfigurationList = 8E621FB32E1322B1004F90BA /* Build configuration list for PBXNativeTarget "USIApp" */;
			buildPhases = (
				8E621FA42E1322B0004F90BA /* Sources */,
				8E621FA52E1322B0004F90BA /* Frameworks */,
				8E621FA62E1322B0004F90BA /* Resources */,
			);
			buildRules = (
			);
			dependencies = (
			);
			fileSystemSynchronizedGroups = (
				8E621FAA2E1322B0004F90BA /* USIApp */,
			);
			name = USIApp;
			packageProductDependencies = (
				8EE833FD2E17F3EA00975B0B /* FirebaseAI */,
				8EE834092E17F3EA00975B0B /* FirebaseAppCheck */,
				8EE8340D2E17F3EA00975B0B /* FirebaseAuth */,
				8EE8340F2E17F3EA00975B0B /* FirebaseAuthCombine-Community */,
				8EE834112E17F3EA00975B0B /* FirebaseCore */,
				8EE834132E17F3EA00975B0B /* FirebaseCrashlytics */,
				8EE834152E17F3EA00975B0B /* FirebaseDatabase */,
				8EE834172E17F3EA00975B0B /* FirebaseDynamicLinks */,
				8EE834192E17F3EA00975B0B /* FirebaseFirestore */,
				8EE8341B2E17F3EA00975B0B /* FirebaseFirestoreCombine-Community */,
				8EE8341F2E17F3EA00975B0B /* FirebaseFunctionsCombine-Community */,
				8EE834272E17F3EA00975B0B /* FirebaseMessaging */,
				8EE834292E17F3EA00975B0B /* FirebasePerformance */,
				8EE8342D2E17F3EA00975B0B /* FirebaseStorage */,
				8EE8342F2E17F3EA00975B0B /* FirebaseStorageCombine-Community */,
			);
			productName = USIApp;
			productReference = 8E621FA82E1322B0004F90BA /* USIApp.app */;
			productType = "com.apple.product-type.application";
		};
/* End PBXNativeTarget section */

/* Begin PBXProject section */
		8E621FA02E1322B0004F90BA /* Project object */ = {
			isa = PBXProject;
			attributes = {
				BuildIndependentTargetsInParallel = 1;
				LastSwiftUpdateCheck = 1640;
				LastUpgradeCheck = 2600;
				TargetAttributes = {
					8E621FA72E1322B0004F90BA = {
						CreatedOnToolsVersion = 16.4;
					};
				};
			};
			buildConfigurationList = 8E621FA32E1322B0004F90BA /* Build configuration list for PBXProject "USIApp" */;
			developmentRegion = en;
			hasScannedForEncodings = 0;
			knownRegions = (
				en,
				Base,
			);
			mainGroup = 8E621F9F2E1322B0004F90BA;
			minimizedProjectReferenceProxies = 1;
			packageReferences = (
				8EE833FC2E17F3EA00975B0B /* XCRemoteSwiftPackageReference "firebase-ios-sdk" */,
			);
			preferredProjectObjectVersion = 77;
			productRefGroup = 8E621FA92E1322B0004F90BA /* Products */;
			projectDirPath = "";
			projectRoot = "";
			targets = (
				8E621FA72E1322B0004F90BA /* USIApp */,
			);
		};
/* End PBXProject section */

/* Begin PBXResourcesBuildPhase section */
		8E621FA62E1322B0004F90BA /* Resources */ = {
			isa = PBXResourcesBuildPhase;
			buildActionMask = 2147483647;
			files = (
			);
			runOnlyForDeploymentPostprocessing = 0;
		};
/* End PBXResourcesBuildPhase section */

/* Begin PBXSourcesBuildPhase section */
		8E621FA42E1322B0004F90BA /* Sources */ = {
			isa = PBXSourcesBuildPhase;
			buildActionMask = 2147483647;
			files = (
			);
			runOnlyForDeploymentPostprocessing = 0;
		};
/* End PBXSourcesBuildPhase section */

/* Begin XCBuildConfiguration section */
		8E621FB12E1322B1004F90BA /* Debug */ = {
			isa = XCBuildConfiguration;
			buildSettings = {
				ALWAYS_SEARCH_USER_PATHS = NO;
				ASSETCATALOG_COMPILER_GENERATE_SWIFT_ASSET_SYMBOL_EXTENSIONS = YES;
				CLANG_ANALYZER_NONNULL = YES;
				CLANG_ANALYZER_NUMBER_OBJECT_CONVERSION = YES_AGGRESSIVE;
				CLANG_CXX_LANGUAGE_STANDARD = "gnu++20";
				CLANG_ENABLE_MODULES = YES;
				CLANG_ENABLE_OBJC_ARC = YES;
				CLANG_ENABLE_OBJC_WEAK = YES;
				CLANG_WARN_BLOCK_CAPTURE_AUTORELEASING = YES;
				CLANG_WARN_BOOL_CONVERSION = YES;
				CLANG_WARN_COMMA = YES;
				CLANG_WARN_CONSTANT_CONVERSION = YES;
				CLANG_WARN_DEPRECATED_OBJC_IMPLEMENTATIONS = YES;
				CLANG_WARN_DIRECT_OBJC_ISA_USAGE = YES_ERROR;
				CLANG_WARN_DOCUMENTATION_COMMENTS = YES;
				CLANG_WARN_EMPTY_BODY = YES;
				CLANG_WARN_ENUM_CONVERSION = YES;
				CLANG_WARN_INFINITE_RECURSION = YES;
				CLANG_WARN_INT_CONVERSION = YES;
				CLANG_WARN_NON_LITERAL_NULL_CONVERSION = YES;
				CLANG_WARN_OBJC_IMPLICIT_RETAIN_SELF = YES;
				CLANG_WARN_OBJC_LITERAL_CONVERSION = YES;
				CLANG_WARN_OBJC_ROOT_CLASS = YES_ERROR;
				CLANG_WARN_QUOTED_INCLUDE_IN_FRAMEWORK_HEADER = YES;
				CLANG_WARN_RANGE_LOOP_ANALYSIS = YES;
				CLANG_WARN_STRICT_PROTOTYPES = YES;
				CLANG_WARN_SUSPICIOUS_MOVE = YES;
				CLANG_WARN_UNGUARDED_AVAILABILITY = YES_AGGRESSIVE;
				CLANG_WARN_UNREACHABLE_CODE = YES;
				CLANG_WARN__DUPLICATE_METHOD_MATCH = YES;
				COPY_PHASE_STRIP = NO;
				DEBUG_INFORMATION_FORMAT = dwarf;
				DEVELOPMENT_TEAM = MT88NC37A3;
				ENABLE_STRICT_OBJC_MSGSEND = YES;
				ENABLE_TESTABILITY = YES;
				ENABLE_USER_SCRIPT_SANDBOXING = YES;
				GCC_C_LANGUAGE_STANDARD = gnu17;
				GCC_DYNAMIC_NO_PIC = NO;
				GCC_NO_COMMON_BLOCKS = YES;
				GCC_OPTIMIZATION_LEVEL = 0;
				GCC_PREPROCESSOR_DEFINITIONS = (
					"DEBUG=1",
					"$(inherited)",
				);
				GCC_WARN_64_TO_32_BIT_CONVERSION = YES;
				GCC_WARN_ABOUT_RETURN_TYPE = YES_ERROR;
				GCC_WARN_UNDECLARED_SELECTOR = YES;
				GCC_WARN_UNINITIALIZED_AUTOS = YES_AGGRESSIVE;
				GCC_WARN_UNUSED_FUNCTION = YES;
				GCC_WARN_UNUSED_VARIABLE = YES;
				IPHONEOS_DEPLOYMENT_TARGET = 18.5;
				LOCALIZATION_PREFERS_STRING_CATALOGS = YES;
				MTL_ENABLE_DEBUG_INFO = INCLUDE_SOURCE;
				MTL_FAST_MATH = YES;
				ONLY_ACTIVE_ARCH = YES;
				SDKROOT = iphoneos;
				STRING_CATALOG_GENERATE_SYMBOLS = YES;
				SWIFT_ACTIVE_COMPILATION_CONDITIONS = "DEBUG $(inherited)";
				SWIFT_OPTIMIZATION_LEVEL = "-Onone";
			};
			name = Debug;
		};
		8E621FB22E1322B1004F90BA /* Release */ = {
			isa = XCBuildConfiguration;
			buildSettings = {
				ALWAYS_SEARCH_USER_PATHS = NO;
				ASSETCATALOG_COMPILER_GENERATE_SWIFT_ASSET_SYMBOL_EXTENSIONS = YES;
				CLANG_ANALYZER_NONNULL = YES;
				CLANG_ANALYZER_NUMBER_OBJECT_CONVERSION = YES_AGGRESSIVE;
				CLANG_CXX_LANGUAGE_STANDARD = "gnu++20";
				CLANG_ENABLE_MODULES = YES;
				CLANG_ENABLE_OBJC_ARC = YES;
				CLANG_ENABLE_OBJC_WEAK = YES;
				CLANG_WARN_BLOCK_CAPTURE_AUTORELEASING = YES;
				CLANG_WARN_BOOL_CONVERSION = YES;
				CLANG_WARN_COMMA = YES;
				CLANG_WARN_CONSTANT_CONVERSION = YES;
				CLANG_WARN_DEPRECATED_OBJC_IMPLEMENTATIONS = YES;
				CLANG_WARN_DIRECT_OBJC_ISA_USAGE = YES_ERROR;
				CLANG_WARN_DOCUMENTATION_COMMENTS = YES;
				CLANG_WARN_EMPTY_BODY = YES;
				CLANG_WARN_ENUM_CONVERSION = YES;
				CLANG_WARN_INFINITE_RECURSION = YES;
				CLANG_WARN_INT_CONVERSION = YES;
				CLANG_WARN_NON_LITERAL_NULL_CONVERSION = YES;
				CLANG_WARN_OBJC_IMPLICIT_RETAIN_SELF = YES;
				CLANG_WARN_OBJC_LITERAL_CONVERSION = YES;
				CLANG_WARN_OBJC_ROOT_CLASS = YES_ERROR;
				CLANG_WARN_QUOTED_INCLUDE_IN_FRAMEWORK_HEADER = YES;
				CLANG_WARN_RANGE_LOOP_ANALYSIS = YES;
				CLANG_WARN_STRICT_PROTOTYPES = YES;
				CLANG_WARN_SUSPICIOUS_MOVE = YES;
				CLANG_WARN_UNGUARDED_AVAILABILITY = YES_AGGRESSIVE;
				CLANG_WARN_UNREACHABLE_CODE = YES;
				CLANG_WARN__DUPLICATE_METHOD_MATCH = YES;
				COPY_PHASE_STRIP = NO;
				DEBUG_INFORMATION_FORMAT = "dwarf-with-dsym";
				DEVELOPMENT_TEAM = MT88NC37A3;
				ENABLE_NS_ASSERTIONS = NO;
				ENABLE_STRICT_OBJC_MSGSEND = YES;
				ENABLE_USER_SCRIPT_SANDBOXING = YES;
				GCC_C_LANGUAGE_STANDARD = gnu17;
				GCC_NO_COMMON_BLOCKS = YES;
				GCC_WARN_64_TO_32_BIT_CONVERSION = YES;
				GCC_WARN_ABOUT_RETURN_TYPE = YES_ERROR;
				GCC_WARN_UNDECLARED_SELECTOR = YES;
				GCC_WARN_UNINITIALIZED_AUTOS = YES_AGGRESSIVE;
				GCC_WARN_UNUSED_FUNCTION = YES;
				GCC_WARN_UNUSED_VARIABLE = YES;
				IPHONEOS_DEPLOYMENT_TARGET = 18.5;
				LOCALIZATION_PREFERS_STRING_CATALOGS = YES;
				MTL_ENABLE_DEBUG_INFO = NO;
				MTL_FAST_MATH = YES;
				SDKROOT = iphoneos;
				STRING_CATALOG_GENERATE_SYMBOLS = YES;
				SWIFT_COMPILATION_MODE = wholemodule;
				VALIDATE_PRODUCT = YES;
			};
			name = Release;
		};
		8E621FB42E1322B1004F90BA /* Debug */ = {
			isa = XCBuildConfiguration;
			buildSettings = {
				ASSETCATALOG_COMPILER_APPICON_NAME = AppIcon;
				ASSETCATALOG_COMPILER_GLOBAL_ACCENT_COLOR_NAME = AccentColor;
				CODE_SIGN_STYLE = Automatic;
				CURRENT_PROJECT_VERSION = 1.4.4;
				DEVELOPMENT_TEAM = MT88NC37A3;
				ENABLE_PREVIEWS = YES;
				GENERATE_INFOPLIST_FILE = YES;
				INFOPLIST_FILE = USIApp/Info.plist;
				INFOPLIST_KEY_CFBundleDisplayName = USIApp;
				INFOPLIST_KEY_LSApplicationCategoryType = "public.app-category.education";
				INFOPLIST_KEY_UIApplicationSceneManifest_Generation = YES;
				INFOPLIST_KEY_UIApplicationSupportsIndirectInputEvents = YES;
				INFOPLIST_KEY_UILaunchStoryboardName = LaunchScreen;
				INFOPLIST_KEY_UIRequiredDeviceCapabilities = armv7;
				INFOPLIST_KEY_UIStatusBarStyle = UIStatusBarStyleLightContent;
				INFOPLIST_KEY_UISupportedInterfaceOrientations = UIInterfaceOrientationPortrait;
				INFOPLIST_KEY_UIUserInterfaceStyle = Light;
				IPHONEOS_DEPLOYMENT_TARGET = 16.6;
				LD_RUNPATH_SEARCH_PATHS = (
					"$(inherited)",
					"@executable_path/Frameworks",
				);
				MARKETING_VERSION = 1.4.4;
				PRODUCT_BUNDLE_IDENTIFIER = com.mustafaolmezses.USIApp;
				PRODUCT_NAME = "$(TARGET_NAME)";
				SUPPORTED_PLATFORMS = "iphoneos iphonesimulator";
				SUPPORTS_MACCATALYST = NO;
				SUPPORTS_MAC_DESIGNED_FOR_IPHONE_IPAD = NO;
				SUPPORTS_XR_DESIGNED_FOR_IPHONE_IPAD = NO;
				SWIFT_EMIT_LOC_STRINGS = YES;
				SWIFT_VERSION = 5.0;
				TARGETED_DEVICE_FAMILY = 1;
			};
			name = Debug;
		};
		8E621FB52E1322B1004F90BA /* Release */ = {
			isa = XCBuildConfiguration;
			buildSettings = {
				ASSETCATALOG_COMPILER_APPICON_NAME = AppIcon;
				ASSETCATALOG_COMPILER_GLOBAL_ACCENT_COLOR_NAME = AccentColor;
				CODE_SIGN_STYLE = Automatic;
				CURRENT_PROJECT_VERSION = 1.4.4;
				DEVELOPMENT_TEAM = MT88NC37A3;
				ENABLE_PREVIEWS = YES;
				GENERATE_INFOPLIST_FILE = YES;
				INFOPLIST_FILE = USIApp/Info.plist;
				INFOPLIST_KEY_CFBundleDisplayName = USIApp;
				INFOPLIST_KEY_LSApplicationCategoryType = "public.app-category.education";
				INFOPLIST_KEY_UIApplicationSceneManifest_Generation = YES;
				INFOPLIST_KEY_UIApplicationSupportsIndirectInputEvents = YES;
				INFOPLIST_KEY_UILaunchStoryboardName = LaunchScreen;
				INFOPLIST_KEY_UIRequiredDeviceCapabilities = armv7;
				INFOPLIST_KEY_UIStatusBarStyle = UIStatusBarStyleLightContent;
				INFOPLIST_KEY_UISupportedInterfaceOrientations = UIInterfaceOrientationPortrait;
				INFOPLIST_KEY_UIUserInterfaceStyle = Light;
				IPHONEOS_DEPLOYMENT_TARGET = 16.6;
				LD_RUNPATH_SEARCH_PATHS = (
					"$(inherited)",
					"@executable_path/Frameworks",
				);
				MARKETING_VERSION = 1.4.4;
				PRODUCT_BUNDLE_IDENTIFIER = com.mustafaolmezses.USIApp;
				PRODUCT_NAME = "$(TARGET_NAME)";
				SUPPORTED_PLATFORMS = "iphoneos iphonesimulator";
				SUPPORTS_MACCATALYST = NO;
				SUPPORTS_MAC_DESIGNED_FOR_IPHONE_IPAD = NO;
				SUPPORTS_XR_DESIGNED_FOR_IPHONE_IPAD = NO;
				SWIFT_EMIT_LOC_STRINGS = YES;
				SWIFT_VERSION = 5.0;
				TARGETED_DEVICE_FAMILY = 1;
			};
			name = Release;
		};
/* End XCBuildConfiguration section */

/* Begin XCConfigurationList section */
		8E621FA32E1322B0004F90BA /* Build configuration list for PBXProject "USIApp" */ = {
			isa = XCConfigurationList;
			buildConfigurations = (
				8E621FB12E1322B1004F90BA /* Debug */,
				8E621FB22E1322B1004F90BA /* Release */,
			);
			defaultConfigurationIsVisible = 0;
			defaultConfigurationName = Release;
		};
		8E621FB32E1322B1004F90BA /* Build configuration list for PBXNativeTarget "USIApp" */ = {
			isa = XCConfigurationList;
			buildConfigurations = (
				8E621FB42E1322B1004F90BA /* Debug */,
				8E621FB52E1322B1004F90BA /* Release */,
			);
			defaultConfigurationIsVisible = 0;
			defaultConfigurationName = Release;
		};
/* End XCConfigurationList section */

/* Begin XCRemoteSwiftPackageReference section */
		8EE833FC2E17F3EA00975B0B /* XCRemoteSwiftPackageReference "firebase-ios-sdk" */ = {
			isa = XCRemoteSwiftPackageReference;
			repositoryURL = "https://github.com/firebase/firebase-ios-sdk";
			requirement = {
				kind = upToNextMajorVersion;
				minimumVersion = 11.15.0;
			};
		};
/* End XCRemoteSwiftPackageReference section */

/* Begin XCSwiftPackageProductDependency section */
		8EE833FD2E17F3EA00975B0B /* FirebaseAI */ = {
			isa = XCSwiftPackageProductDependency;
			package = 8EE833FC2E17F3EA00975B0B /* XCRemoteSwiftPackageReference "firebase-ios-sdk" */;
			productName = FirebaseAI;
		};
		8EE834092E17F3EA00975B0B /* FirebaseAppCheck */ = {
			isa = XCSwiftPackageProductDependency;
			package = 8EE833FC2E17F3EA00975B0B /* XCRemoteSwiftPackageReference "firebase-ios-sdk" */;
			productName = FirebaseAppCheck;
		};
		8EE8340D2E17F3EA00975B0B /* FirebaseAuth */ = {
			isa = XCSwiftPackageProductDependency;
			package = 8EE833FC2E17F3EA00975B0B /* XCRemoteSwiftPackageReference "firebase-ios-sdk" */;
			productName = FirebaseAuth;
		};
		8EE8340F2E17F3EA00975B0B /* FirebaseAuthCombine-Community */ = {
			isa = XCSwiftPackageProductDependency;
			package = 8EE833FC2E17F3EA00975B0B /* XCRemoteSwiftPackageReference "firebase-ios-sdk" */;
			productName = "FirebaseAuthCombine-Community";
		};
		8EE834112E17F3EA00975B0B /* FirebaseCore */ = {
			isa = XCSwiftPackageProductDependency;
			package = 8EE833FC2E17F3EA00975B0B /* XCRemoteSwiftPackageReference "firebase-ios-sdk" */;
			productName = FirebaseCore;
		};
		8EE834132E17F3EA00975B0B /* FirebaseCrashlytics */ = {
			isa = XCSwiftPackageProductDependency;
			package = 8EE833FC2E17F3EA00975B0B /* XCRemoteSwiftPackageReference "firebase-ios-sdk" */;
			productName = FirebaseCrashlytics;
		};
		8EE834152E17F3EA00975B0B /* FirebaseDatabase */ = {
			isa = XCSwiftPackageProductDependency;
			package = 8EE833FC2E17F3EA00975B0B /* XCRemoteSwiftPackageReference "firebase-ios-sdk" */;
			productName = FirebaseDatabase;
		};
		8EE834172E17F3EA00975B0B /* FirebaseDynamicLinks */ = {
			isa = XCSwiftPackageProductDependency;
			package = 8EE833FC2E17F3EA00975B0B /* XCRemoteSwiftPackageReference "firebase-ios-sdk" */;
			productName = FirebaseDynamicLinks;
		};
		8EE834192E17F3EA00975B0B /* FirebaseFirestore */ = {
			isa = XCSwiftPackageProductDependency;
			package = 8EE833FC2E17F3EA00975B0B /* XCRemoteSwiftPackageReference "firebase-ios-sdk" */;
			productName = FirebaseFirestore;
		};
		8EE8341B2E17F3EA00975B0B /* FirebaseFirestoreCombine-Community */ = {
			isa = XCSwiftPackageProductDependency;
			package = 8EE833FC2E17F3EA00975B0B /* XCRemoteSwiftPackageReference "firebase-ios-sdk" */;
			productName = "FirebaseFirestoreCombine-Community";
		};
		8EE8341F2E17F3EA00975B0B /* FirebaseFunctionsCombine-Community */ = {
			isa = XCSwiftPackageProductDependency;
			package = 8EE833FC2E17F3EA00975B0B /* XCRemoteSwiftPackageReference "firebase-ios-sdk" */;
			productName = "FirebaseFunctionsCombine-Community";
		};
		8EE834272E17F3EA00975B0B /* FirebaseMessaging */ = {
			isa = XCSwiftPackageProductDependency;
			package = 8EE833FC2E17F3EA00975B0B /* XCRemoteSwiftPackageReference "firebase-ios-sdk" */;
			productName = FirebaseMessaging;
		};
		8EE834292E17F3EA00975B0B /* FirebasePerformance */ = {
			isa = XCSwiftPackageProductDependency;
			package = 8EE833FC2E17F3EA00975B0B /* XCRemoteSwiftPackageReference "firebase-ios-sdk" */;
			productName = FirebasePerformance;
		};
		8EE8342D2E17F3EA00975B0B /* FirebaseStorage */ = {
			isa = XCSwiftPackageProductDependency;
			package = 8EE833FC2E17F3EA00975B0B /* XCRemoteSwiftPackageReference "firebase-ios-sdk" */;
			productName = FirebaseStorage;
		};
		8EE8342F2E17F3EA00975B0B /* FirebaseStorageCombine-Community */ = {
			isa = XCSwiftPackageProductDependency;
			package = 8EE833FC2E17F3EA00975B0B /* XCRemoteSwiftPackageReference "firebase-ios-sdk" */;
			productName = "FirebaseStorageCombine-Community";
		};
/* End XCSwiftPackageProductDependency section */
	};
	rootObject = 8E621FA02E1322B0004F90BA /* Project object */;
}
